
Microsoft Visual Studio Solution File, Format Version 12.00
# Visual Studio Version 17
VisualStudioVersion = 17.7.34009.444
MinimumVisualStudioVersion = 10.0.40219.1
Project("{FAE04EC0-301F-11D3-BF4B-00C04F79EFBC}") = "BulkyBookWeb", "BulkyBookWeb\BulkyBookWeb.csproj", "{53F7D447-1EEA-4384-BC08-463873C5512E}"
EndProject
Global
	GlobalSection(SolutionConfigurationPlatforms) = preSolution
		Debug|Any CPU = Debug|Any CPU
		Release|Any CPU = Release|Any CPU
	EndGlobalSection
	GlobalSection(ProjectConfigurationPlatforms) = postSolution
		{53F7D447-1EEA-4384-BC08-463873C5512E}.Debug|Any CPU.ActiveCfg = Debug|Any CPU
		{53F7D447-1EEA-4384-BC08-463873C5512E}.Debug|Any CPU.Build.0 = Debug|Any CPU
		{53F7D447-1EEA-4384-BC08-463873C5512E}.Release|Any CPU.ActiveCfg = Release|Any CPU
		{53F7D447-1EEA-4384-BC08-463873C5512E}.Release|Any CPU.Build.0 = Release|Any CPU
	EndGlobalSection
	GlobalSection(SolutionProperties) = preSolution
		HideSolutionNode = FALSE
	EndGlobalSection
	GlobalSection(ExtensibilityGlobals) = postSolution
		SolutionGuid = {B5993FDC-4B02-4FC2-9D2A-A4F4544F77E6}
	EndGlobalSection
EndGlobal
